
Microsoft Visual Studio Solution File, Format Version 12.00
# Visual Studio Version 17
VisualStudioVersion = 17.5.002.0
MinimumVisualStudioVersion = 10.0.40219.1
Project("{9A19103F-16F7-4668-BE54-9A1E7A4F7556}") = "InteractiveStory", "InteractiveStory.csproj", "{A48932A2-84F2-4AF6-AF11-3A9303B969FC}"
EndProject
Global
	GlobalSection(SolutionConfigurationPlatforms) = preSolution
		Debug|Any CPU = Debug|Any CPU
		Release|Any CPU = Release|Any CPU
	EndGlobalSection
	GlobalSection(ProjectConfigurationPlatforms) = postSolution
		{A48932A2-84F2-4AF6-AF11-3A9303B969FC}.Debug|Any CPU.ActiveCfg = Debug|Any CPU
		{A48932A2-84F2-4AF6-AF11-3A9303B969FC}.Debug|Any CPU.Build.0 = Debug|Any CPU
		{A48932A2-84F2-4AF6-AF11-3A9303B969FC}.Release|Any CPU.ActiveCfg = Release|Any CPU
		{A48932A2-84F2-4AF6-AF11-3A9303B969FC}.Release|Any CPU.Build.0 = Release|Any CPU
	EndGlobalSection
	GlobalSection(SolutionProperties) = preSolution
		HideSolutionNode = FALSE
	EndGlobalSection
	GlobalSection(ExtensibilityGlobals) = postSolution
		SolutionGuid = {52669FF5-548A-4D9A-808C-272A0BA232F5}
	EndGlobalSection
EndGlobal
