
Microsoft Visual Studio Solution File, Format Version 12.00
# Visual Studio Version 17
VisualStudioVersion = 17.5.002.0
MinimumVisualStudioVersion = 10.0.40219.1
Project("{9A19103F-16F7-4668-BE54-9A1E7A4F7556}") = "KortSpel", "KortSpel.csproj", "{866A42C4-CCF7-49B1-BBEA-ED6EE6DD1456}"
EndProject
Global
	GlobalSection(SolutionConfigurationPlatforms) = preSolution
		Debug|Any CPU = Debug|Any CPU
		Release|Any CPU = Release|Any CPU
	EndGlobalSection
	GlobalSection(ProjectConfigurationPlatforms) = postSolution
		{866A42C4-CCF7-49B1-BBEA-ED6EE6DD1456}.Debug|Any CPU.ActiveCfg = Debug|Any CPU
		{866A42C4-CCF7-49B1-BBEA-ED6EE6DD1456}.Debug|Any CPU.Build.0 = Debug|Any CPU
		{866A42C4-CCF7-49B1-BBEA-ED6EE6DD1456}.Release|Any CPU.ActiveCfg = Release|Any CPU
		{866A42C4-CCF7-49B1-BBEA-ED6EE6DD1456}.Release|Any CPU.Build.0 = Release|Any CPU
	EndGlobalSection
	GlobalSection(SolutionProperties) = preSolution
		HideSolutionNode = FALSE
	EndGlobalSection
	GlobalSection(ExtensibilityGlobals) = postSolution
		SolutionGuid = {DEC53173-1381-4A02-B0C6-360821510618}
	EndGlobalSection
EndGlobal
